github.com/bmatcuk/doublestar v1.3.4 h1:gPypJ5xD31uhX6Tf54sDPUOBXTqKH4c9aPY66CyQrS0=
github.com/bmatcuk/doublestar v1.3.4/go.mod h1:wiQtGV+rzVYxB7WIlirSN++5HPtPlXEo9MEoZQC/PmE=
github.com/google/safetext v0.0.0-20220905092116-b49f7bc46da2 h1:SJ+NtwL6QaZ21U+IrK7d0gGgpjGGvd2kz+FzTHVzdqI=
github.com/google/safetext v0.0.0-20220905092116-b49f7bc46da2/go.mod h1:Tv1PlzqC9t8wNnpPdctvtSUOPUUg4SHeE6vR1Ir2hmg=
